{
  "version": 4,
  "terraform_version": "0.12.19",
  "serial": 26,
  "lineage": "cddd1a91-d54a-69a4-1972-9a815bfdf88a",
  "outputs": {
    "cluster_arn": {
      "value": "arn:aws:eks:us-east-2:890243875209:cluster/my-cluster",
      "type": "string"
    },
    "cluster_id": {
      "value": "my-cluster",
      "type": "string"
    },
    "cluster_security_group_id": {
      "value": "sg-023682861560c0073",
      "type": "string"
    },
    "cluster_version": {
      "value": "1.14",
      "type": "string"
    }
  },
  "resources": [
    {
      "module": "module.my-cluster",
      "mode": "data",
      "type": "aws_ami",
      "name": "eks_worker",
      "provider": "provider.aws",
      "instances": [
        {
          "schema_version": 0,
          "attributes": {
            "architecture": "x86_64",
            "arn": "arn:aws:ec2:us-east-2::image/ami-08984d8491de17ca0",
            "block_device_mappings": [
              {
                "device_name": "/dev/xvda",
                "ebs": {
                  "delete_on_termination": "true",
                  "encrypted": "false",
                  "iops": "0",
                  "snapshot_id": "snap-028838b3ceafdff62",
                  "volume_size": "20",
                  "volume_type": "gp2"
                },
                "no_device": "",
                "virtual_name": ""
              }
            ],
            "creation_date": "2020-10-07T23:01:31.000Z",
            "description": "EKS Kubernetes Worker AMI with AmazonLinux2 image, (k8s: 1.14.9, docker:19.03.6ce-4.amzn2)",
            "executable_users": null,
            "filter": [
              {
                "name": "name",
                "values": [
                  "amazon-eks-node-1.14-v*"
                ]
              }
            ],
            "hypervisor": "xen",
            "id": "ami-08984d8491de17ca0",
            "image_id": "ami-08984d8491de17ca0",
            "image_location": "amazon/amazon-eks-node-1.14-v20201007",
            "image_owner_alias": "amazon",
            "image_type": "machine",
            "kernel_id": null,
            "most_recent": true,
            "name": "amazon-eks-node-1.14-v20201007",
            "name_regex": null,
            "owner_id": "602401143452",
            "owners": [
              "602401143452"
            ],
            "platform": null,
            "product_codes": [],
            "public": true,
            "ramdisk_id": null,
            "root_device_name": "/dev/xvda",
            "root_device_type": "ebs",
            "root_snapshot_id": "snap-028838b3ceafdff62",
            "sriov_net_support": "simple",
            "state": "available",
            "state_reason": {
              "code": "UNSET",
              "message": "UNSET"
            },
            "tags": {},
            "virtualization_type": "hvm"
          }
        }
      ]
    },
    {
      "module": "module.my-cluster",
      "mode": "data",
      "type": "aws_ami",
      "name": "eks_worker_windows",
      "provider": "provider.aws",
      "instances": [
        {
          "schema_version": 0,
          "attributes": {
            "architecture": "x86_64",
            "arn": "arn:aws:ec2:us-east-2::image/ami-0cf7cc845adc8ffc2",
            "block_device_mappings": [
              {
                "device_name": "/dev/sda1",
                "ebs": {
                  "delete_on_termination": "true",
                  "encrypted": "false",
                  "iops": "0",
                  "snapshot_id": "snap-0c9f3178e1f4f5f90",
                  "volume_size": "50",
                  "volume_type": "gp2"
                },
                "no_device": "",
                "virtual_name": ""
              },
              {
                "device_name": "xvdca",
                "ebs": {},
                "no_device": "",
                "virtual_name": "ephemeral0"
              },
              {
                "device_name": "xvdcb",
                "ebs": {},
                "no_device": "",
                "virtual_name": "ephemeral1"
              },
              {
                "device_name": "xvdcc",
                "ebs": {},
                "no_device": "",
                "virtual_name": "ephemeral2"
              },
              {
                "device_name": "xvdcd",
                "ebs": {},
                "no_device": "",
                "virtual_name": "ephemeral3"
              },
              {
                "device_name": "xvdce",
                "ebs": {},
                "no_device": "",
                "virtual_name": "ephemeral4"
              },
              {
                "device_name": "xvdcf",
                "ebs": {},
                "no_device": "",
                "virtual_name": "ephemeral5"
              },
              {
                "device_name": "xvdcg",
                "ebs": {},
                "no_device": "",
                "virtual_name": "ephemeral6"
              },
              {
                "device_name": "xvdch",
                "ebs": {},
                "no_device": "",
                "virtual_name": "ephemeral7"
              },
              {
                "device_name": "xvdci",
                "ebs": {},
                "no_device": "",
                "virtual_name": "ephemeral8"
              },
              {
                "device_name": "xvdcj",
                "ebs": {},
                "no_device": "",
                "virtual_name": "ephemeral9"
              },
              {
                "device_name": "xvdck",
                "ebs": {},
                "no_device": "",
                "virtual_name": "ephemeral10"
              },
              {
                "device_name": "xvdcl",
                "ebs": {},
                "no_device": "",
                "virtual_name": "ephemeral11"
              },
              {
                "device_name": "xvdcm",
                "ebs": {},
                "no_device": "",
                "virtual_name": "ephemeral12"
              },
              {
                "device_name": "xvdcn",
                "ebs": {},
                "no_device": "",
                "virtual_name": "ephemeral13"
              },
              {
                "device_name": "xvdco",
                "ebs": {},
                "no_device": "",
                "virtual_name": "ephemeral14"
              },
              {
                "device_name": "xvdcp",
                "ebs": {},
                "no_device": "",
                "virtual_name": "ephemeral15"
              },
              {
                "device_name": "xvdcq",
                "ebs": {},
                "no_device": "",
                "virtual_name": "ephemeral16"
              },
              {
                "device_name": "xvdcr",
                "ebs": {},
                "no_device": "",
                "virtual_name": "ephemeral17"
              },
              {
                "device_name": "xvdcs",
                "ebs": {},
                "no_device": "",
                "virtual_name": "ephemeral18"
              },
              {
                "device_name": "xvdct",
                "ebs": {},
                "no_device": "",
                "virtual_name": "ephemeral19"
              },
              {
                "device_name": "xvdcu",
                "ebs": {},
                "no_device": "",
                "virtual_name": "ephemeral20"
              },
              {
                "device_name": "xvdcv",
                "ebs": {},
                "no_device": "",
                "virtual_name": "ephemeral21"
              },
              {
                "device_name": "xvdcw",
                "ebs": {},
                "no_device": "",
                "virtual_name": "ephemeral22"
              },
              {
                "device_name": "xvdcx",
                "ebs": {},
                "no_device": "",
                "virtual_name": "ephemeral23"
              },
              {
                "device_name": "xvdcy",
                "ebs": {},
                "no_device": "",
                "virtual_name": "ephemeral24"
              },
              {
                "device_name": "xvdcz",
                "ebs": {},
                "no_device": "",
                "virtual_name": "ephemeral25"
              }
            ],
            "creation_date": "2020-11-12T22:19:48.000Z",
            "description": "Microsoft Windows Server 2019 Core optimized for EKS and provided by Amazon",
            "executable_users": null,
            "filter": [
              {
                "name": "name",
                "values": [
                  "Windows_Server-2019-English-Core-EKS_Optimized-1.14-*"
                ]
              },
              {
                "name": "platform",
                "values": [
                  "windows"
                ]
              }
            ],
            "hypervisor": "xen",
            "id": "ami-0cf7cc845adc8ffc2",
            "image_id": "ami-0cf7cc845adc8ffc2",
            "image_location": "amazon/Windows_Server-2019-English-Core-EKS_Optimized-1.14-2020.11.12",
            "image_owner_alias": "amazon",
            "image_type": "machine",
            "kernel_id": null,
            "most_recent": true,
            "name": "Windows_Server-2019-English-Core-EKS_Optimized-1.14-2020.11.12",
            "name_regex": null,
            "owner_id": "801119661308",
            "owners": [
              "801119661308"
            ],
            "platform": "windows",
            "product_codes": [],
            "public": true,
            "ramdisk_id": null,
            "root_device_name": "/dev/sda1",
            "root_device_type": "ebs",
            "root_snapshot_id": "snap-0c9f3178e1f4f5f90",
            "sriov_net_support": "simple",
            "state": "available",
            "state_reason": {
              "code": "UNSET",
              "message": "UNSET"
            },
            "tags": {},
            "virtualization_type": "hvm"
          }
        }
      ]
    },
    {
      "module": "module.my-cluster",
      "mode": "data",
      "type": "aws_caller_identity",
      "name": "current",
      "provider": "provider.aws",
      "instances": [
        {
          "schema_version": 0,
          "attributes": {
            "account_id": "890243875209",
            "arn": "arn:aws:sts::890243875209:assumed-role/terraform/i-0c43cc3249157bdcd",
            "id": "890243875209",
            "user_id": "AROA46RVLQGE4LLPC3HAS:i-0c43cc3249157bdcd"
          }
        }
      ]
    },
    {
      "mode": "data",
      "type": "aws_eks_cluster",
      "name": "cluster",
      "provider": "provider.aws",
      "instances": [
        {
          "schema_version": 0,
          "attributes": {
            "arn": "arn:aws:eks:us-east-2:890243875209:cluster/my-cluster",
            "certificate_authority": [
              {
                "data": "LS0tLS1CRUdJTiBDRVJUSUZJQ0FURS0tLS0tCk1JSUN5RENDQWJDZ0F3SUJBZ0lCQURBTkJna3Foa2lHOXcwQkFRc0ZBREFWTVJNd0VRWURWUVFERXdwcmRXSmwKY201bGRHVnpNQjRYRFRJd01URXlPREl4TVRjd05sb1hEVE13TVRFeU5qSXhNVGN3Tmxvd0ZURVRNQkVHQTFVRQpBeE1LYTNWaVpYSnVaWFJsY3pDQ0FTSXdEUVlKS29aSWh2Y05BUUVCQlFBRGdnRVBBRENDQVFvQ2dnRUJBT2NGCnRJRmEzbHY0TjNKd3ExZXpFb1J3WmxEWTJoSVJXQjl1UmlYdEQ0Uk9FbTh3YjE0SjZZUXJzc05yeWhHbHc2aEwKNHNBZW44L3RzeDFnOU1WR3pCb3JwMGRUWmM3L21NcHNiazQyazMxU0pPZVBEb01GSU1HU3FacWliNGhvNHVFMQpMK2hCZUVzUlJKSTBGdzRCSjZSaWNvVDA5cnZHRGdhRkdJbnc2T2F1cmRNbitNTVFsMURLSXlMcHRhOFJlRmtHCi9sQ1J2ZmllQVN2OTg4eHp4RE5jV1JkdUcvZGRScDNyR3lDOWUySnBVVi9nbWJQRWVRUmxVeWdDaTlYUElPSDQKZUJGbFFJYmlISEZMMlVyQStzTXYvaXQwTWgyM201WXEwb0tBN0Zra3VEU2owVExyeTZHK25BdnZTem5QeG1mKwpFTTVuTnFFZ3ZEdFZvdDQ1NkZVQ0F3RUFBYU1qTUNFd0RnWURWUjBQQVFIL0JBUURBZ0trTUE4R0ExVWRFd0VCCi93UUZNQU1CQWY4d0RRWUpLb1pJaHZjTkFRRUxCUUFEZ2dFQkFMOFZlazY0RHFlY1lmYjlqdXcwTVBSRFl3NXcKYkZpbEVkZjN0eVFQbVpSSEFyRnZBVjJvWDNydTRQOFc5bmp1MXUvUHB3dFlzL2FYR0NLMG1nY1pCY00xcFpJTgpiTUFIVFJQNzhrdDBIK2VRc2FqUTQyY1E1WUcwcHp5dHJvaFJCeXg4ZkxDYldORDUwb2daSjFWclJVRTBqTlJMCkdkL3U1MUNhWm1qTm00N0tKYUl2dDZ1VWxWWFpvbVpEMGlKb2ltamFIVjU1L0tld00vUFpHZ1JKNTY4WlNteUMKRUZYMzBGeEZrUGlpejJobW9Vak9oVVZldXdiYnRUcXRFN3Y0UWRMbmVjaGlINkpNMmpVelVuSzdsWUE2bm91YgphZzFRVTczVmU0M0dxMFhBRVdoK2twWWNNNnFIOXYxYkhnbE83cTFLTHptWTUvaVJSU05XQ2l1YjA5QT0KLS0tLS1FTkQgQ0VSVElGSUNBVEUtLS0tLQo="
              }
            ],
            "created_at": "2020-11-28 21:07:42.745 +0000 UTC",
            "enabled_cluster_log_types": [],
            "endpoint": "https://2DC73760F93FD249A3783249A0F6E957.gr7.us-east-2.eks.amazonaws.com",
            "id": "my-cluster",
            "identity": [
              {
                "oidc": [
                  {
                    "issuer": "https://oidc.eks.us-east-2.amazonaws.com/id/2DC73760F93FD249A3783249A0F6E957"
                  }
                ]
              }
            ],
            "name": "my-cluster",
            "platform_version": "eks.13",
            "role_arn": "arn:aws:iam::890243875209:role/my-cluster20201128210740884900000002",
            "status": "ACTIVE",
            "tags": {},
            "version": "1.14",
            "vpc_config": [
              {
                "cluster_security_group_id": "sg-0c61778a020212341",
                "endpoint_private_access": false,
                "endpoint_public_access": true,
                "public_access_cidrs": [
                  "0.0.0.0/0"
                ],
                "security_group_ids": [
                  "sg-023682861560c0073"
                ],
                "subnet_ids": [
                  "subnet-04c125fc8424ffa84",
                  "subnet-0611589da8f9ac2df",
                  "subnet-0a84b9a57a7131a99"
                ],
                "vpc_id": "vpc-0fd791a64ff74329a"
              }
            ]
          }
        }
      ]
    },
    {
      "mode": "data",
      "type": "aws_eks_cluster_auth",
      "name": "cluster",
      "provider": "provider.aws",
      "instances": [
        {
          "schema_version": 0,
          "attributes": {
            "id": "my-cluster",
            "name": "my-cluster",
            "token": "k8s-aws-v1.aHR0cHM6Ly9zdHMuYW1hem9uYXdzLmNvbS8_QWN0aW9uPUdldENhbGxlcklkZW50aXR5JlZlcnNpb249MjAxMS0wNi0xNSZYLUFtei1BbGdvcml0aG09QVdTNC1ITUFDLVNIQTI1NiZYLUFtei1DcmVkZW50aWFsPUFTSUE0NlJWTFFHRVhRQVBEVU9GJTJGMjAyMDExMjglMkZ1cy1lYXN0LTElMkZzdHMlMkZhd3M0X3JlcXVlc3QmWC1BbXotRGF0ZT0yMDIwMTEyOFQyMTIxMTZaJlgtQW16LUV4cGlyZXM9MCZYLUFtei1TZWN1cml0eS1Ub2tlbj1JUW9KYjNKcFoybHVYMlZqRU1YJTJGJTJGJTJGJTJGJTJGJTJGJTJGJTJGJTJGJTJGd0VhQ1hWekxXVmhjM1F0TVNKSE1FVUNJUUQ0Y29GODBlQUZZTzNHNTF1STZhTTVVVk1yaCUyRlFWblF0SWtrdXBEang4QWdJZ1pDa0I3dUlQclFhZjNXeXMlMkJHNndNc0NEM21pSmhObjNtQU4yM1M2UW9Gd3F0QU1JVGhBQUdndzRPVEF5TkRNNE56VXlNRGtpREpJY2pXJTJGQWlPMnU5JTJGNDFBU3FSQTNISzhoOSUyRmVYWmhQWldGdXJsNmNwYkNNMnglMkY2ekdiQ015Qzc1Q1JJMWRRNyUyRnJPVWlJeTFJJTJCdmRRQ1JEdjBLN1pOWExHR3pQelY5MW1acUVib0w5QUQ3TkJibkFQQTRvNXNTaU5oZ2FvU1NvNCUyQnpCNGlwM3VDNiUyQlA2aG5HWjQzeEZTQlpYdlclMkYzZjF2cCUyRk5QcjIwN1VicGxZbmo1JTJCQ3d4RVBSTGkyN05xN1hXbk5UN2ZaMDlkeW5HSEVsJTJCSmtwMElBdXEyT3o4eGNDNFRua3pmS014OG1INEpyZ2VITnglMkJxa2EyNUYzZnNrVHRzd21XM21RJTJCRTN5YVFJWVdJeFZHYlJlWkVEMFp5NFV2WXJlbkd2VXZtYm5aQTU5b1N1R3NJdUhSU3oxNG5WbEhiWiUyRkZ5UGJMdHVxSlJNMXRNZ3hKTVlSQkYlMkY1JTJGcmtKM3VoTWhFNmVFakhiR3lKUm9XYTA5czQlMkJ4JTJCTEtwNVhuR01yVXloJTJCQU8lMkJQM1lLOXF6SiUyRmRVOHRqUGRTZlJGRnFjcmVPMzJuZ0c2T2tLTEZ4YnBOcjBBbmZTSDZ4NFNHWGlCaHJpQUdWOE9wUThQMllMdzV5ZjdLZnF1aW5kZ0gxdzJ1RzlQQnpBNTlPUHp5dEdtVkhrMmNqUm1LJTJCYmMlMkY2aThtR0ZubzlGaGkyOE04JTJCazRoenVYRlBmaVo5WGFzS1R6eWhZbTVxTlEyTVAzc2l2NEZPdXNCNjRjSDdQMVRYelNJa0p0ZHhkYUZPa2h4dFIyYmU0Vkc5OXJRbldNYnFFRE9ieTElMkZIOHRxeGNudTgxQXpVU2t2cWNaZU5GWTZmWG1taW5OZUNvdnl1aGo5QTAlMkZGUXAxNlRCWUtpMlVWRSUyRkZxTDZ5Y05YdjdmJTJGR0UlMkZlJTJGdW12MVFtTmdyRjJTN0pMYUFnR3IyU1ZIQUVHWUgzWkIyRjYxdTVtJTJGOVM5b0JDd1A2Mk12dWhHN3dpbFAlMkZ4WFBCYkZrT3RiRm1nVG1xMDg1ZXc1SVR3WE5hdVlDSGg0SGVNdkZFMk9RWlYzJTJCandHdlc4QUQwV0t4TSUyRlI5bXBFMGpYSWtZekxIQnklMkYlMkZyQ3N5bE1Ua05sZSUyRnZTTUJGanQ3RzRQJTJGNU9Jc3UlMkZqenQ1TzFJMU9uNVVZTGU0eHkyN2clM0QlM0QmWC1BbXotU2lnbmVkSGVhZGVycz1ob3N0JTNCeC1rOHMtYXdzLWlkJlgtQW16LVNpZ25hdHVyZT0wYTM4YTAzMDhlZjY0NDE4ZWIxZGY5YTM0NWI2MzI5Y2E1NzZlOWE5ZDNmYTAzZGQzOGQ4N2M2NDYzY2Y0MGRk"
          }
        }
      ]
    },
    {
      "module": "module.my-cluster",
      "mode": "data",
      "type": "aws_iam_instance_profile",
      "name": "custom_worker_group_iam_instance_profile",
      "each": "list",
      "provider": "provider.aws",
      "instances": []
    },
    {
      "module": "module.my-cluster",
      "mode": "data",
      "type": "aws_iam_instance_profile",
      "name": "custom_worker_group_launch_template_iam_instance_profile",
      "each": "list",
      "provider": "provider.aws",
      "instances": []
    },
    {
      "module": "module.my-cluster",
      "mode": "data",
      "type": "aws_iam_policy_document",
      "name": "cluster_assume_role_policy",
      "provider": "provider.aws",
      "instances": [
        {
          "schema_version": 0,
          "attributes": {
            "id": "2764486067",
            "json": "{\n  \"Version\": \"2012-10-17\",\n  \"Statement\": [\n    {\n      \"Sid\": \"EKSClusterAssumeRole\",\n      \"Effect\": \"Allow\",\n      \"Action\": \"sts:AssumeRole\",\n      \"Principal\": {\n        \"Service\": \"eks.amazonaws.com\"\n      }\n    }\n  ]\n}",
            "override_json": null,
            "policy_id": null,
            "source_json": null,
            "statement": [
              {
                "actions": [
                  "sts:AssumeRole"
                ],
                "condition": [],
                "effect": "Allow",
                "not_actions": [],
                "not_principals": [],
                "not_resources": [],
                "principals": [
                  {
                    "identifiers": [
                      "eks.amazonaws.com"
                    ],
                    "type": "Service"
                  }
                ],
                "resources": [],
                "sid": "EKSClusterAssumeRole"
              }
            ],
            "version": "2012-10-17"
          }
        }
      ]
    },
    {
      "module": "module.my-cluster",
      "mode": "data",
      "type": "aws_iam_policy_document",
      "name": "workers_assume_role_policy",
      "provider": "provider.aws",
      "instances": [
        {
          "schema_version": 0,
          "attributes": {
            "id": "3778018924",
            "json": "{\n  \"Version\": \"2012-10-17\",\n  \"Statement\": [\n    {\n      \"Sid\": \"EKSWorkerAssumeRole\",\n      \"Effect\": \"Allow\",\n      \"Action\": \"sts:AssumeRole\",\n      \"Principal\": {\n        \"Service\": \"ec2.amazonaws.com\"\n      }\n    }\n  ]\n}",
            "override_json": null,
            "policy_id": null,
            "source_json": null,
            "statement": [
              {
                "actions": [
                  "sts:AssumeRole"
                ],
                "condition": [],
                "effect": "Allow",
                "not_actions": [],
                "not_principals": [],
                "not_resources": [],
                "principals": [
                  {
                    "identifiers": [
                      "ec2.amazonaws.com"
                    ],
                    "type": "Service"
                  }
                ],
                "resources": [],
                "sid": "EKSWorkerAssumeRole"
              }
            ],
            "version": "2012-10-17"
          }
        }
      ]
    },
    {
      "module": "module.my-cluster",
      "mode": "data",
      "type": "aws_iam_role",
      "name": "custom_cluster_iam_role",
      "each": "list",
      "provider": "provider.aws",
      "instances": []
    },
    {
      "module": "module.my-cluster",
      "mode": "data",
      "type": "aws_partition",
      "name": "current",
      "provider": "provider.aws",
      "instances": [
        {
          "schema_version": 0,
          "attributes": {
            "dns_suffix": "amazonaws.com",
            "id": "aws",
            "partition": "aws"
          }
        }
      ]
    },
    {
      "module": "module.my-cluster",
      "mode": "data",
      "type": "null_data_source",
      "name": "node_groups",
      "each": "list",
      "provider": "provider.null",
      "instances": [
        {
          "index_key": 0,
          "schema_version": 0,
          "attributes": {
            "has_computed_default": "default",
            "id": "static",
            "inputs": {
              "aws_auth": "kube-system/aws-auth",
              "cluster_name": "my-cluster",
              "role_CNI_Policy": "my-cluster20201128212116789900000005-2020112821211721650000000a",
              "role_Container": "my-cluster20201128212116789900000005-20201128212117210800000009",
              "role_NodePolicy": "my-cluster20201128212116789900000005-20201128212117200900000008"
            },
            "outputs": {
              "aws_auth": "kube-system/aws-auth",
              "cluster_name": "my-cluster",
              "role_CNI_Policy": "my-cluster20201128212116789900000005-2020112821211721650000000a",
              "role_Container": "my-cluster20201128212116789900000005-20201128212117210800000009",
              "role_NodePolicy": "my-cluster20201128212116789900000005-20201128212117200900000008"
            },
            "random": "4510554979133698136"
          }
        }
      ]
    },
    {
      "module": "module.my-cluster",
      "mode": "managed",
      "type": "aws_autoscaling_group",
      "name": "workers",
      "each": "list",
      "provider": "provider.aws",
      "instances": []
    },
    {
      "module": "module.my-cluster",
      "mode": "managed",
      "type": "aws_autoscaling_group",
      "name": "workers_launch_template",
      "each": "list",
      "provider": "provider.aws",
      "instances": []
    },
    {
      "module": "module.my-cluster",
      "mode": "managed",
      "type": "aws_cloudwatch_log_group",
      "name": "this",
      "each": "list",
      "provider": "provider.aws",
      "instances": []
    },
    {
      "module": "module.my-cluster",
      "mode": "managed",
      "type": "aws_eks_cluster",
      "name": "this",
      "each": "list",
      "provider": "provider.aws",
      "instances": [
        {
          "index_key": 0,
          "schema_version": 0,
          "attributes": {
            "arn": "arn:aws:eks:us-east-2:890243875209:cluster/my-cluster",
            "certificate_authority": [
              {
                "data": "LS0tLS1CRUdJTiBDRVJUSUZJQ0FURS0tLS0tCk1JSUN5RENDQWJDZ0F3SUJBZ0lCQURBTkJna3Foa2lHOXcwQkFRc0ZBREFWTVJNd0VRWURWUVFERXdwcmRXSmwKY201bGRHVnpNQjRYRFRJd01URXlPREl4TVRjd05sb1hEVE13TVRFeU5qSXhNVGN3Tmxvd0ZURVRNQkVHQTFVRQpBeE1LYTNWaVpYSnVaWFJsY3pDQ0FTSXdEUVlKS29aSWh2Y05BUUVCQlFBRGdnRVBBRENDQVFvQ2dnRUJBT2NGCnRJRmEzbHY0TjNKd3ExZXpFb1J3WmxEWTJoSVJXQjl1UmlYdEQ0Uk9FbTh3YjE0SjZZUXJzc05yeWhHbHc2aEwKNHNBZW44L3RzeDFnOU1WR3pCb3JwMGRUWmM3L21NcHNiazQyazMxU0pPZVBEb01GSU1HU3FacWliNGhvNHVFMQpMK2hCZUVzUlJKSTBGdzRCSjZSaWNvVDA5cnZHRGdhRkdJbnc2T2F1cmRNbitNTVFsMURLSXlMcHRhOFJlRmtHCi9sQ1J2ZmllQVN2OTg4eHp4RE5jV1JkdUcvZGRScDNyR3lDOWUySnBVVi9nbWJQRWVRUmxVeWdDaTlYUElPSDQKZUJGbFFJYmlISEZMMlVyQStzTXYvaXQwTWgyM201WXEwb0tBN0Zra3VEU2owVExyeTZHK25BdnZTem5QeG1mKwpFTTVuTnFFZ3ZEdFZvdDQ1NkZVQ0F3RUFBYU1qTUNFd0RnWURWUjBQQVFIL0JBUURBZ0trTUE4R0ExVWRFd0VCCi93UUZNQU1CQWY4d0RRWUpLb1pJaHZjTkFRRUxCUUFEZ2dFQkFMOFZlazY0RHFlY1lmYjlqdXcwTVBSRFl3NXcKYkZpbEVkZjN0eVFQbVpSSEFyRnZBVjJvWDNydTRQOFc5bmp1MXUvUHB3dFlzL2FYR0NLMG1nY1pCY00xcFpJTgpiTUFIVFJQNzhrdDBIK2VRc2FqUTQyY1E1WUcwcHp5dHJvaFJCeXg4ZkxDYldORDUwb2daSjFWclJVRTBqTlJMCkdkL3U1MUNhWm1qTm00N0tKYUl2dDZ1VWxWWFpvbVpEMGlKb2ltamFIVjU1L0tld00vUFpHZ1JKNTY4WlNteUMKRUZYMzBGeEZrUGlpejJobW9Vak9oVVZldXdiYnRUcXRFN3Y0UWRMbmVjaGlINkpNMmpVelVuSzdsWUE2bm91YgphZzFRVTczVmU0M0dxMFhBRVdoK2twWWNNNnFIOXYxYkhnbE83cTFLTHptWTUvaVJSU05XQ2l1YjA5QT0KLS0tLS1FTkQgQ0VSVElGSUNBVEUtLS0tLQo="
              }
            ],
            "created_at": "2020-11-28 21:07:42.745 +0000 UTC",
            "enabled_cluster_log_types": null,
            "encryption_config": [],
            "endpoint": "https://2DC73760F93FD249A3783249A0F6E957.gr7.us-east-2.eks.amazonaws.com",
            "id": "my-cluster",
            "identity": [
              {
                "oidc": [
                  {
                    "issuer": "https://oidc.eks.us-east-2.amazonaws.com/id/2DC73760F93FD249A3783249A0F6E957"
                  }
                ]
              }
            ],
            "name": "my-cluster",
            "platform_version": "eks.13",
            "role_arn": "arn:aws:iam::890243875209:role/my-cluster20201128210740884900000002",
            "status": "ACTIVE",
            "tags": null,
            "timeouts": {
              "create": "30m",
              "delete": "15m",
              "update": null
            },
            "version": "1.14",
            "vpc_config": [
              {
                "cluster_security_group_id": "sg-0c61778a020212341",
                "endpoint_private_access": false,
                "endpoint_public_access": true,
                "public_access_cidrs": [
                  "0.0.0.0/0"
                ],
                "security_group_ids": [
                  "sg-023682861560c0073"
                ],
                "subnet_ids": [
                  "subnet-04c125fc8424ffa84",
                  "subnet-0611589da8f9ac2df",
                  "subnet-0a84b9a57a7131a99"
                ],
                "vpc_id": "vpc-0fd791a64ff74329a"
              }
            ]
          },
          "private": "eyJlMmJmYjczMC1lY2FhLTExZTYtOGY4OC0zNDM2M2JjN2M0YzAiOnsiY3JlYXRlIjoxODAwMDAwMDAwMDAwLCJkZWxldGUiOjkwMDAwMDAwMDAwMCwidXBkYXRlIjozNjAwMDAwMDAwMDAwfX0=",
          "dependencies": [
            "module.my-cluster.aws_cloudwatch_log_group.this",
            "module.my-cluster.aws_iam_role.cluster",
            "module.my-cluster.aws_iam_role_policy_attachment.cluster_AmazonEKSClusterPolicy",
            "module.my-cluster.aws_iam_role_policy_attachment.cluster_AmazonEKSServicePolicy",
            "module.my-cluster.aws_security_group.cluster"
          ]
        }
      ]
    },
    {
      "module": "module.my-cluster.module.node_groups",
      "mode": "managed",
      "type": "aws_eks_node_group",
      "name": "workers",
      "each": "map",
      "provider": "provider.aws",
      "instances": []
    },
    {
      "module": "module.my-cluster",
      "mode": "managed",
      "type": "aws_iam_instance_profile",
      "name": "workers",
      "each": "list",
      "provider": "provider.aws",
      "instances": [
        {
          "index_key": 0,
          "schema_version": 0,
          "attributes": {
            "arn": "arn:aws:iam::890243875209:instance-profile/my-cluster20201128212117110900000007",
            "create_date": "2020-11-28T21:21:17Z",
            "id": "my-cluster20201128212117110900000007",
            "name": "my-cluster20201128212117110900000007",
            "name_prefix": "my-cluster",
            "path": "/",
            "role": "my-cluster20201128212116789900000005",
            "unique_id": "AIPA46RVLQGEYL6BAIE7F"
          },
          "private": "bnVsbA==",
          "dependencies": [
            "module.my-cluster.aws_cloudwatch_log_group.this",
            "module.my-cluster.aws_eks_cluster.this",
            "module.my-cluster.aws_iam_role.cluster",
            "module.my-cluster.aws_iam_role.workers",
            "module.my-cluster.aws_iam_role_policy_attachment.cluster_AmazonEKSClusterPolicy",
            "module.my-cluster.aws_iam_role_policy_attachment.cluster_AmazonEKSServicePolicy",
            "module.my-cluster.aws_security_group.cluster"
          ]
        }
      ]
    },
    {
      "module": "module.my-cluster",
      "mode": "managed",
      "type": "aws_iam_instance_profile",
      "name": "workers_launch_template",
      "each": "list",
      "provider": "provider.aws",
      "instances": []
    },
    {
      "module": "module.my-cluster",
      "mode": "managed",
      "type": "aws_iam_openid_connect_provider",
      "name": "oidc_provider",
      "each": "list",
      "provider": "provider.aws",
      "instances": []
    },
    {
      "module": "module.my-cluster",
      "mode": "managed",
      "type": "aws_iam_role",
      "name": "cluster",
      "each": "list",
      "provider": "provider.aws",
      "instances": [
        {
          "index_key": 0,
          "schema_version": 0,
          "attributes": {
            "arn": "arn:aws:iam::890243875209:role/my-cluster20201128210740884900000002",
            "assume_role_policy": "{\"Version\":\"2012-10-17\",\"Statement\":[{\"Sid\":\"EKSClusterAssumeRole\",\"Effect\":\"Allow\",\"Principal\":{\"Service\":\"eks.amazonaws.com\"},\"Action\":\"sts:AssumeRole\"}]}",
            "create_date": "2020-11-28T21:07:40Z",
            "description": "",
            "force_detach_policies": true,
            "id": "my-cluster20201128210740884900000002",
            "max_session_duration": 3600,
            "name": "my-cluster20201128210740884900000002",
            "name_prefix": "my-cluster",
            "path": "/",
            "permissions_boundary": null,
            "tags": null,
            "unique_id": "AROA46RVLQGESTAMFJ7ZE"
          },
          "private": "bnVsbA=="
        }
      ]
    },
    {
      "module": "module.my-cluster",
      "mode": "managed",
      "type": "aws_iam_role",
      "name": "workers",
      "each": "list",
      "provider": "provider.aws",
      "instances": [
        {
          "index_key": 0,
          "schema_version": 0,
          "attributes": {
            "arn": "arn:aws:iam::890243875209:role/my-cluster20201128212116789900000005",
            "assume_role_policy": "{\"Version\":\"2012-10-17\",\"Statement\":[{\"Sid\":\"EKSWorkerAssumeRole\",\"Effect\":\"Allow\",\"Principal\":{\"Service\":\"ec2.amazonaws.com\"},\"Action\":\"sts:AssumeRole\"}]}",
            "create_date": "2020-11-28T21:21:16Z",
            "description": "",
            "force_detach_policies": true,
            "id": "my-cluster20201128212116789900000005",
            "max_session_duration": 3600,
            "name": "my-cluster20201128212116789900000005",
            "name_prefix": "my-cluster",
            "path": "/",
            "permissions_boundary": null,
            "tags": null,
            "unique_id": "AROA46RVLQGE5HQNIJ46E"
          },
          "private": "bnVsbA==",
          "dependencies": [
            "module.my-cluster.aws_cloudwatch_log_group.this",
            "module.my-cluster.aws_eks_cluster.this",
            "module.my-cluster.aws_iam_role.cluster",
            "module.my-cluster.aws_iam_role_policy_attachment.cluster_AmazonEKSClusterPolicy",
            "module.my-cluster.aws_iam_role_policy_attachment.cluster_AmazonEKSServicePolicy",
            "module.my-cluster.aws_security_group.cluster"
          ]
        }
      ]
    },
    {
      "module": "module.my-cluster",
      "mode": "managed",
      "type": "aws_iam_role_policy_attachment",
      "name": "cluster_AmazonEKSClusterPolicy",
      "each": "list",
      "provider": "provider.aws",
      "instances": [
        {
          "index_key": 0,
          "schema_version": 0,
          "attributes": {
            "id": "my-cluster20201128210740884900000002-20201128210741116000000004",
            "policy_arn": "arn:aws:iam::aws:policy/AmazonEKSClusterPolicy",
            "role": "my-cluster20201128210740884900000002"
          },
          "private": "bnVsbA==",
          "dependencies": [
            "module.my-cluster.aws_iam_role.cluster"
          ]
        }
      ]
    },
    {
      "module": "module.my-cluster",
      "mode": "managed",
      "type": "aws_iam_role_policy_attachment",
      "name": "cluster_AmazonEKSServicePolicy",
      "each": "list",
      "provider": "provider.aws",
      "instances": [
        {
          "index_key": 0,
          "schema_version": 0,
          "attributes": {
            "id": "my-cluster20201128210740884900000002-20201128210741113700000003",
            "policy_arn": "arn:aws:iam::aws:policy/AmazonEKSServicePolicy",
            "role": "my-cluster20201128210740884900000002"
          },
          "private": "bnVsbA==",
          "dependencies": [
            "module.my-cluster.aws_iam_role.cluster"
          ]
        }
      ]
    },
    {
      "module": "module.my-cluster",
      "mode": "managed",
      "type": "aws_iam_role_policy_attachment",
      "name": "workers_AmazonEC2ContainerRegistryReadOnly",
      "each": "list",
      "provider": "provider.aws",
      "instances": [
        {
          "index_key": 0,
          "schema_version": 0,
          "attributes": {
            "id": "my-cluster20201128212116789900000005-20201128212117210800000009",
            "policy_arn": "arn:aws:iam::aws:policy/AmazonEC2ContainerRegistryReadOnly",
            "role": "my-cluster20201128212116789900000005"
          },
          "private": "bnVsbA==",
          "dependencies": [
            "module.my-cluster.aws_cloudwatch_log_group.this",
            "module.my-cluster.aws_eks_cluster.this",
            "module.my-cluster.aws_iam_role.cluster",
            "module.my-cluster.aws_iam_role.workers",
            "module.my-cluster.aws_iam_role_policy_attachment.cluster_AmazonEKSClusterPolicy",
            "module.my-cluster.aws_iam_role_policy_attachment.cluster_AmazonEKSServicePolicy",
            "module.my-cluster.aws_security_group.cluster"
          ]
        }
      ]
    },
    {
      "module": "module.my-cluster",
      "mode": "managed",
      "type": "aws_iam_role_policy_attachment",
      "name": "workers_AmazonEKSWorkerNodePolicy",
      "each": "list",
      "provider": "provider.aws",
      "instances": [
        {
          "index_key": 0,
          "schema_version": 0,
          "attributes": {
            "id": "my-cluster20201128212116789900000005-20201128212117200900000008",
            "policy_arn": "arn:aws:iam::aws:policy/AmazonEKSWorkerNodePolicy",
            "role": "my-cluster20201128212116789900000005"
          },
          "private": "bnVsbA==",
          "dependencies": [
            "module.my-cluster.aws_cloudwatch_log_group.this",
            "module.my-cluster.aws_eks_cluster.this",
            "module.my-cluster.aws_iam_role.cluster",
            "module.my-cluster.aws_iam_role.workers",
            "module.my-cluster.aws_iam_role_policy_attachment.cluster_AmazonEKSClusterPolicy",
            "module.my-cluster.aws_iam_role_policy_attachment.cluster_AmazonEKSServicePolicy",
            "module.my-cluster.aws_security_group.cluster"
          ]
        }
      ]
    },
    {
      "module": "module.my-cluster",
      "mode": "managed",
      "type": "aws_iam_role_policy_attachment",
      "name": "workers_AmazonEKS_CNI_Policy",
      "each": "list",
      "provider": "provider.aws",
      "instances": [
        {
          "index_key": 0,
          "schema_version": 0,
          "attributes": {
            "id": "my-cluster20201128212116789900000005-2020112821211721650000000a",
            "policy_arn": "arn:aws:iam::aws:policy/AmazonEKS_CNI_Policy",
            "role": "my-cluster20201128212116789900000005"
          },
          "private": "bnVsbA==",
          "dependencies": [
            "module.my-cluster.aws_cloudwatch_log_group.this",
            "module.my-cluster.aws_eks_cluster.this",
            "module.my-cluster.aws_iam_role.cluster",
            "module.my-cluster.aws_iam_role.workers",
            "module.my-cluster.aws_iam_role_policy_attachment.cluster_AmazonEKSClusterPolicy",
            "module.my-cluster.aws_iam_role_policy_attachment.cluster_AmazonEKSServicePolicy",
            "module.my-cluster.aws_security_group.cluster"
          ]
        }
      ]
    },
    {
      "module": "module.my-cluster",
      "mode": "managed",
      "type": "aws_iam_role_policy_attachment",
      "name": "workers_additional_policies",
      "each": "list",
      "provider": "provider.aws",
      "instances": []
    },
    {
      "module": "module.my-cluster",
      "mode": "managed",
      "type": "aws_launch_configuration",
      "name": "workers",
      "each": "list",
      "provider": "provider.aws",
      "instances": [
        {
          "index_key": 0,
          "schema_version": 0,
          "attributes": {
            "arn": "arn:aws:autoscaling:us-east-2:890243875209:launchConfiguration:8bd32c9f-f8db-4b06-a453-d4f9d91f414f:launchConfigurationName/my-cluster-02020112821211804390000000b",
            "associate_public_ip_address": false,
            "ebs_block_device": [],
            "ebs_optimized": true,
            "enable_monitoring": true,
            "ephemeral_block_device": [],
            "iam_instance_profile": "my-cluster20201128212117110900000007",
            "id": "my-cluster-02020112821211804390000000b",
            "image_id": "ami-08984d8491de17ca0",
            "instance_type": "m4.large",
            "key_name": "",
            "name": "my-cluster-02020112821211804390000000b",
            "name_prefix": "my-cluster-0",
            "placement_tenancy": "",
            "root_block_device": [
              {
                "delete_on_termination": true,
                "encrypted": false,
                "iops": 0,
                "volume_size": 100,
                "volume_type": "gp2"
              }
            ],
            "security_groups": [
              "sg-0514099f58c8893c5"
            ],
            "spot_price": "",
            "user_data": null,
            "user_data_base64": "IyEvYmluL2Jhc2ggLXhlCgojIEFsbG93IHVzZXIgc3VwcGxpZWQgcHJlIHVzZXJkYXRhIGNvZGUKCgojIEJvb3RzdHJhcCBhbmQgam9pbiB0aGUgY2x1c3RlcgovZXRjL2Vrcy9ib290c3RyYXAuc2ggLS1iNjQtY2x1c3Rlci1jYSAnTFMwdExTMUNSVWRKVGlCRFJWSlVTVVpKUTBGVVJTMHRMUzB0Q2sxSlNVTjVSRU5EUVdKRFowRjNTVUpCWjBsQ1FVUkJUa0puYTNGb2EybEhPWGN3UWtGUmMwWkJSRUZXVFZKTmQwVlJXVVJXVVZGRVJYZHdjbVJYU213S1kyMDFiR1JIVm5wTlFqUllSRlJKZDAxVVJYbFBSRWw0VFZSamQwNXNiMWhFVkUxM1RWUkZlVTVxU1hoTlZHTjNUbXh2ZDBaVVJWUk5Ra1ZIUVRGVlJRcEJlRTFMWVROV2FWcFlTblZhV0ZKc1kzcERRMEZUU1hkRVVWbEtTMjlhU1doMlkwNUJVVVZDUWxGQlJHZG5SVkJCUkVORFFWRnZRMmRuUlVKQlQyTkdDblJKUm1FemJIWTBUak5LZDNFeFpYcEZiMUozV214RVdUSm9TVkpYUWpsMVVtbFlkRVEwVWs5RmJUaDNZakUwU2paWlVYSnpjMDV5ZVdoSGJIYzJhRXdLTkhOQlpXNDRMM1J6ZURGbk9VMVdSM3BDYjNKd01HUlVXbU0zTDIxTmNITmlhelF5YXpNeFUwcFBaVkJFYjAxR1NVMUhVM0ZhY1dsaU5HaHZOSFZGTVFwTUsyaENaVVZ6VWxKS1NUQkdkelJDU2paU2FXTnZWREE1Y25aSFJHZGhSa2RKYm5jMlQyRjFjbVJOYml0TlRWRnNNVVJMU1hsTWNIUmhPRkpsUm10SENpOXNRMUoyWm1sbFFWTjJPVGc0ZUhwNFJFNWpWMUprZFVjdlpHUlNjRE55UjNsRE9XVXlTbkJWVmk5bmJXSlFSV1ZSVW14VmVXZERhVGxZVUVsUFNEUUtaVUpHYkZGSlltbElTRVpNTWxWeVFTdHpUWFl2YVhRd1RXZ3lNMjAxV1hFd2IwdEJOMFpyYTNWRVUyb3dWRXh5ZVRaSEsyNUJkblpUZW01UWVHMW1Ld3BGVFRWdVRuRkZaM1pFZEZadmREUTFOa1pWUTBGM1JVRkJZVTFxVFVORmQwUm5XVVJXVWpCUVFWRklMMEpCVVVSQlowdHJUVUU0UjBFeFZXUkZkMFZDQ2k5M1VVWk5RVTFDUVdZNGQwUlJXVXBMYjFwSmFIWmpUa0ZSUlV4Q1VVRkVaMmRGUWtGTU9GWmxhelkwUkhGbFkxbG1ZamxxZFhjd1RWQlNSRmwzTlhjS1lrWnBiRVZrWmpOMGVWRlFiVnBTU0VGeVJuWkJWakp2V0ROeWRUUlFPRmM1Ym1wMU1YVXZVSEIzZEZsekwyRllSME5MTUcxblkxcENZMDB4Y0ZwSlRncGlUVUZJVkZKUU56aHJkREJJSzJWUmMyRnFVVFF5WTFFMVdVY3djSHA1ZEhKdmFGSkNlWGc0Wmt4RFlsZE9SRFV3YjJkYVNqRldjbEpWUlRCcVRsSk1Da2RrTDNVMU1VTmhXbTFxVG0wME4wdEtZVWwyZERaMVZXeFdXRnB2YlZwRU1HbEtiMmx0YW1GSVZqVTFMMHRsZDAwdlVGcEhaMUpLTlRZNFdsTnRlVU1LUlVaWU16QkdlRVpyVUdscGVqSm9iVzlWYWs5b1ZWWmxkWGRpWW5SVWNYUkZOM1kwVVdSTWJtVmphR2xJTmtwTk1tcFZlbFZ1U3pkc1dVRTJibTkxWWdwaFp6RlJWVGN6Vm1VME0wZHhNRmhCUlZkb0sydHdXV05OTm5GSU9YWXhZa2huYkU4M2NURkxUSHB0V1RVdmFWSlNVMDVYUTJsMVlqQTVRVDBLTFMwdExTMUZUa1FnUTBWU1ZFbEdTVU5CVkVVdExTMHRMUW89JyAtLWFwaXNlcnZlci1lbmRwb2ludCAnaHR0cHM6Ly8yREM3Mzc2MEY5M0ZEMjQ5QTM3ODMyNDlBMEY2RTk1Ny5ncjcudXMtZWFzdC0yLmVrcy5hbWF6b25hd3MuY29tJyAgLS1rdWJlbGV0LWV4dHJhLWFyZ3MgIiIgJ215LWNsdXN0ZXInCgojIEFsbG93IHVzZXIgc3VwcGxpZWQgdXNlcmRhdGEgY29kZQoK",
            "vpc_classic_link_id": "",
            "vpc_classic_link_security_groups": null
          },
          "private": "bnVsbA==",
          "dependencies": [
            "module.my-cluster.aws_cloudwatch_log_group.this",
            "module.my-cluster.aws_eks_cluster.this",
            "module.my-cluster.aws_iam_instance_profile.workers",
            "module.my-cluster.aws_iam_role.cluster",
            "module.my-cluster.aws_iam_role.workers",
            "module.my-cluster.aws_iam_role_policy_attachment.cluster_AmazonEKSClusterPolicy",
            "module.my-cluster.aws_iam_role_policy_attachment.cluster_AmazonEKSServicePolicy",
            "module.my-cluster.aws_security_group.cluster",
            "module.my-cluster.aws_security_group.workers"
          ]
        }
      ]
    },
    {
      "module": "module.my-cluster",
      "mode": "managed",
      "type": "aws_launch_template",
      "name": "workers_launch_template",
      "each": "list",
      "provider": "provider.aws",
      "instances": []
    },
    {
      "module": "module.my-cluster",
      "mode": "managed",
      "type": "aws_security_group",
      "name": "cluster",
      "each": "list",
      "provider": "provider.aws",
      "instances": [
        {
          "index_key": 0,
          "schema_version": 1,
          "attributes": {
            "arn": "arn:aws:ec2:us-east-2:890243875209:security-group/sg-023682861560c0073",
            "description": "EKS cluster security group.",
            "egress": [],
            "id": "sg-023682861560c0073",
            "ingress": [],
            "name": "my-cluster20201128210740884200000001",
            "name_prefix": "my-cluster",
            "owner_id": "890243875209",
            "revoke_rules_on_delete": false,
            "tags": {
              "Name": "my-cluster-eks_cluster_sg"
            },
            "timeouts": null,
            "vpc_id": "vpc-0fd791a64ff74329a"
          },
          "private": "eyJlMmJmYjczMC1lY2FhLTExZTYtOGY4OC0zNDM2M2JjN2M0YzAiOnsiY3JlYXRlIjo2MDAwMDAwMDAwMDAsImRlbGV0ZSI6NjAwMDAwMDAwMDAwfSwic2NoZW1hX3ZlcnNpb24iOiIxIn0="
        }
      ]
    },
    {
      "module": "module.my-cluster",
      "mode": "managed",
      "type": "aws_security_group",
      "name": "workers",
      "each": "list",
      "provider": "provider.aws",
      "instances": [
        {
          "index_key": 0,
          "schema_version": 1,
          "attributes": {
            "arn": "arn:aws:ec2:us-east-2:890243875209:security-group/sg-0514099f58c8893c5",
            "description": "Security group for all nodes in the cluster.",
            "egress": [],
            "id": "sg-0514099f58c8893c5",
            "ingress": [],
            "name": "my-cluster20201128212116796400000006",
            "name_prefix": "my-cluster",
            "owner_id": "890243875209",
            "revoke_rules_on_delete": false,
            "tags": {
              "Name": "my-cluster-eks_worker_sg",
              "kubernetes.io/cluster/my-cluster": "owned"
            },
            "timeouts": null,
            "vpc_id": "vpc-0fd791a64ff74329a"
          },
          "private": "eyJlMmJmYjczMC1lY2FhLTExZTYtOGY4OC0zNDM2M2JjN2M0YzAiOnsiY3JlYXRlIjo2MDAwMDAwMDAwMDAsImRlbGV0ZSI6NjAwMDAwMDAwMDAwfSwic2NoZW1hX3ZlcnNpb24iOiIxIn0=",
          "dependencies": [
            "module.my-cluster.aws_cloudwatch_log_group.this",
            "module.my-cluster.aws_eks_cluster.this",
            "module.my-cluster.aws_iam_role.cluster",
            "module.my-cluster.aws_iam_role_policy_attachment.cluster_AmazonEKSClusterPolicy",
            "module.my-cluster.aws_iam_role_policy_attachment.cluster_AmazonEKSServicePolicy",
            "module.my-cluster.aws_security_group.cluster"
          ]
        }
      ]
    },
    {
      "module": "module.my-cluster",
      "mode": "managed",
      "type": "aws_security_group_rule",
      "name": "cluster_egress_internet",
      "each": "list",
      "provider": "provider.aws",
      "instances": [
        {
          "index_key": 0,
          "schema_version": 2,
          "attributes": {
            "cidr_blocks": [
              "0.0.0.0/0"
            ],
            "description": "Allow cluster egress access to the Internet.",
            "from_port": 0,
            "id": "sgrule-2541283247",
            "ipv6_cidr_blocks": null,
            "prefix_list_ids": null,
            "protocol": "-1",
            "security_group_id": "sg-023682861560c0073",
            "self": false,
            "source_security_group_id": null,
            "to_port": 0,
            "type": "egress"
          },
          "private": "eyJzY2hlbWFfdmVyc2lvbiI6IjIifQ==",
          "dependencies": [
            "module.my-cluster.aws_security_group.cluster"
          ]
        }
      ]
    },
    {
      "module": "module.my-cluster",
      "mode": "managed",
      "type": "aws_security_group_rule",
      "name": "cluster_https_worker_ingress",
      "each": "list",
      "provider": "provider.aws",
      "instances": [
        {
          "index_key": 0,
          "schema_version": 2,
          "attributes": {
            "cidr_blocks": null,
            "description": "Allow pods to communicate with the EKS cluster API.",
            "from_port": 443,
            "id": "sgrule-4021278532",
            "ipv6_cidr_blocks": null,
            "prefix_list_ids": null,
            "protocol": "tcp",
            "security_group_id": "sg-023682861560c0073",
            "self": false,
            "source_security_group_id": "sg-0514099f58c8893c5",
            "to_port": 443,
            "type": "ingress"
          },
          "private": "eyJzY2hlbWFfdmVyc2lvbiI6IjIifQ==",
          "dependencies": [
            "module.my-cluster.aws_cloudwatch_log_group.this",
            "module.my-cluster.aws_eks_cluster.this",
            "module.my-cluster.aws_iam_role.cluster",
            "module.my-cluster.aws_iam_role_policy_attachment.cluster_AmazonEKSClusterPolicy",
            "module.my-cluster.aws_iam_role_policy_attachment.cluster_AmazonEKSServicePolicy",
            "module.my-cluster.aws_security_group.cluster",
            "module.my-cluster.aws_security_group.workers"
          ]
        }
      ]
    },
    {
      "module": "module.my-cluster",
      "mode": "managed",
      "type": "aws_security_group_rule",
      "name": "cluster_private_access",
      "each": "list",
      "provider": "provider.aws",
      "instances": []
    },
    {
      "module": "module.my-cluster",
      "mode": "managed",
      "type": "aws_security_group_rule",
      "name": "workers_egress_internet",
      "each": "list",
      "provider": "provider.aws",
      "instances": [
        {
          "index_key": 0,
          "schema_version": 2,
          "attributes": {
            "cidr_blocks": [
              "0.0.0.0/0"
            ],
            "description": "Allow nodes all egress to the Internet.",
            "from_port": 0,
            "id": "sgrule-2016513642",
            "ipv6_cidr_blocks": null,
            "prefix_list_ids": null,
            "protocol": "-1",
            "security_group_id": "sg-0514099f58c8893c5",
            "self": false,
            "source_security_group_id": null,
            "to_port": 0,
            "type": "egress"
          },
          "private": "eyJzY2hlbWFfdmVyc2lvbiI6IjIifQ==",
          "dependencies": [
            "module.my-cluster.aws_cloudwatch_log_group.this",
            "module.my-cluster.aws_eks_cluster.this",
            "module.my-cluster.aws_iam_role.cluster",
            "module.my-cluster.aws_iam_role_policy_attachment.cluster_AmazonEKSClusterPolicy",
            "module.my-cluster.aws_iam_role_policy_attachment.cluster_AmazonEKSServicePolicy",
            "module.my-cluster.aws_security_group.cluster",
            "module.my-cluster.aws_security_group.workers"
          ]
        }
      ]
    },
    {
      "module": "module.my-cluster",
      "mode": "managed",
      "type": "aws_security_group_rule",
      "name": "workers_ingress_cluster",
      "each": "list",
      "provider": "provider.aws",
      "instances": [
        {
          "index_key": 0,
          "schema_version": 2,
          "attributes": {
            "cidr_blocks": null,
            "description": "Allow workers pods to receive communication from the cluster control plane.",
            "from_port": 1025,
            "id": "sgrule-1307008861",
            "ipv6_cidr_blocks": null,
            "prefix_list_ids": null,
            "protocol": "tcp",
            "security_group_id": "sg-0514099f58c8893c5",
            "self": false,
            "source_security_group_id": "sg-023682861560c0073",
            "to_port": 65535,
            "type": "ingress"
          },
          "private": "eyJzY2hlbWFfdmVyc2lvbiI6IjIifQ==",
          "dependencies": [
            "module.my-cluster.aws_cloudwatch_log_group.this",
            "module.my-cluster.aws_eks_cluster.this",
            "module.my-cluster.aws_iam_role.cluster",
            "module.my-cluster.aws_iam_role_policy_attachment.cluster_AmazonEKSClusterPolicy",
            "module.my-cluster.aws_iam_role_policy_attachment.cluster_AmazonEKSServicePolicy",
            "module.my-cluster.aws_security_group.cluster",
            "module.my-cluster.aws_security_group.workers"
          ]
        }
      ]
    },
    {
      "module": "module.my-cluster",
      "mode": "managed",
      "type": "aws_security_group_rule",
      "name": "workers_ingress_cluster_https",
      "each": "list",
      "provider": "provider.aws",
      "instances": [
        {
          "index_key": 0,
          "schema_version": 2,
          "attributes": {
            "cidr_blocks": null,
            "description": "Allow pods running extension API servers on port 443 to receive communication from cluster control plane.",
            "from_port": 443,
            "id": "sgrule-4222904194",
            "ipv6_cidr_blocks": null,
            "prefix_list_ids": null,
            "protocol": "tcp",
            "security_group_id": "sg-0514099f58c8893c5",
            "self": false,
            "source_security_group_id": "sg-023682861560c0073",
            "to_port": 443,
            "type": "ingress"
          },
          "private": "eyJzY2hlbWFfdmVyc2lvbiI6IjIifQ==",
          "dependencies": [
            "module.my-cluster.aws_cloudwatch_log_group.this",
            "module.my-cluster.aws_eks_cluster.this",
            "module.my-cluster.aws_iam_role.cluster",
            "module.my-cluster.aws_iam_role_policy_attachment.cluster_AmazonEKSClusterPolicy",
            "module.my-cluster.aws_iam_role_policy_attachment.cluster_AmazonEKSServicePolicy",
            "module.my-cluster.aws_security_group.cluster",
            "module.my-cluster.aws_security_group.workers"
          ]
        }
      ]
    },
    {
      "module": "module.my-cluster",
      "mode": "managed",
      "type": "aws_security_group_rule",
      "name": "workers_ingress_cluster_kubelet",
      "each": "list",
      "provider": "provider.aws",
      "instances": []
    },
    {
      "module": "module.my-cluster",
      "mode": "managed",
      "type": "aws_security_group_rule",
      "name": "workers_ingress_self",
      "each": "list",
      "provider": "provider.aws",
      "instances": [
        {
          "index_key": 0,
          "schema_version": 2,
          "attributes": {
            "cidr_blocks": null,
            "description": "Allow node to communicate with each other.",
            "from_port": 0,
            "id": "sgrule-132372813",
            "ipv6_cidr_blocks": null,
            "prefix_list_ids": null,
            "protocol": "-1",
            "security_group_id": "sg-0514099f58c8893c5",
            "self": false,
            "source_security_group_id": "sg-0514099f58c8893c5",
            "to_port": 65535,
            "type": "ingress"
          },
          "private": "eyJzY2hlbWFfdmVyc2lvbiI6IjIifQ==",
          "dependencies": [
            "module.my-cluster.aws_cloudwatch_log_group.this",
            "module.my-cluster.aws_eks_cluster.this",
            "module.my-cluster.aws_iam_role.cluster",
            "module.my-cluster.aws_iam_role_policy_attachment.cluster_AmazonEKSClusterPolicy",
            "module.my-cluster.aws_iam_role_policy_attachment.cluster_AmazonEKSServicePolicy",
            "module.my-cluster.aws_security_group.cluster",
            "module.my-cluster.aws_security_group.workers"
          ]
        }
      ]
    },
    {
      "module": "module.my-cluster",
      "mode": "managed",
      "type": "kubernetes_config_map",
      "name": "aws_auth",
      "each": "list",
      "provider": "provider.kubernetes",
      "instances": [
        {
          "index_key": 0,
          "schema_version": 0,
          "attributes": {
            "binary_data": null,
            "data": {
              "mapAccounts": "[]\n",
              "mapRoles": "- \"groups\":\n  - \"system:bootstrappers\"\n  - \"system:nodes\"\n  \"rolearn\": \"arn:aws:iam::890243875209:role/my-cluster20201128212116789900000005\"\n  \"username\": \"system:node:{{EC2PrivateDNSName}}\"\n",
              "mapUsers": "[]\n"
            },
            "id": "kube-system/aws-auth",
            "metadata": [
              {
                "annotations": null,
                "generate_name": "",
                "generation": 0,
                "labels": null,
                "name": "aws-auth",
                "namespace": "kube-system",
                "resource_version": "508",
                "self_link": "/api/v1/namespaces/kube-system/configmaps/aws-auth",
                "uid": "a70841df-31bf-11eb-b295-0a6ec7054660"
              }
            ]
          },
          "private": "bnVsbA==",
          "dependencies": [
            "module.my-cluster.aws_cloudwatch_log_group.this",
            "module.my-cluster.aws_eks_cluster.this",
            "module.my-cluster.aws_iam_instance_profile.workers",
            "module.my-cluster.aws_iam_instance_profile.workers_launch_template",
            "module.my-cluster.aws_iam_role.cluster",
            "module.my-cluster.aws_iam_role.workers",
            "module.my-cluster.aws_iam_role_policy_attachment.cluster_AmazonEKSClusterPolicy",
            "module.my-cluster.aws_iam_role_policy_attachment.cluster_AmazonEKSServicePolicy",
            "module.my-cluster.aws_security_group.cluster",
            "module.my-cluster.aws_security_group_rule.cluster_private_access",
            "module.my-cluster.null_resource.wait_for_cluster"
          ]
        }
      ]
    },
    {
      "module": "module.my-cluster",
      "mode": "managed",
      "type": "local_file",
      "name": "kubeconfig",
      "each": "list",
      "provider": "provider.local",
      "instances": [
        {
          "index_key": 0,
          "schema_version": 0,
          "attributes": {
            "content": "apiVersion: v1\npreferences: {}\nkind: Config\n\nclusters:\n- cluster:\n    server: https://2DC73760F93FD249A3783249A0F6E957.gr7.us-east-2.eks.amazonaws.com\n    certificate-authority-data: LS0tLS1CRUdJTiBDRVJUSUZJQ0FURS0tLS0tCk1JSUN5RENDQWJDZ0F3SUJBZ0lCQURBTkJna3Foa2lHOXcwQkFRc0ZBREFWTVJNd0VRWURWUVFERXdwcmRXSmwKY201bGRHVnpNQjRYRFRJd01URXlPREl4TVRjd05sb1hEVE13TVRFeU5qSXhNVGN3Tmxvd0ZURVRNQkVHQTFVRQpBeE1LYTNWaVpYSnVaWFJsY3pDQ0FTSXdEUVlKS29aSWh2Y05BUUVCQlFBRGdnRVBBRENDQVFvQ2dnRUJBT2NGCnRJRmEzbHY0TjNKd3ExZXpFb1J3WmxEWTJoSVJXQjl1UmlYdEQ0Uk9FbTh3YjE0SjZZUXJzc05yeWhHbHc2aEwKNHNBZW44L3RzeDFnOU1WR3pCb3JwMGRUWmM3L21NcHNiazQyazMxU0pPZVBEb01GSU1HU3FacWliNGhvNHVFMQpMK2hCZUVzUlJKSTBGdzRCSjZSaWNvVDA5cnZHRGdhRkdJbnc2T2F1cmRNbitNTVFsMURLSXlMcHRhOFJlRmtHCi9sQ1J2ZmllQVN2OTg4eHp4RE5jV1JkdUcvZGRScDNyR3lDOWUySnBVVi9nbWJQRWVRUmxVeWdDaTlYUElPSDQKZUJGbFFJYmlISEZMMlVyQStzTXYvaXQwTWgyM201WXEwb0tBN0Zra3VEU2owVExyeTZHK25BdnZTem5QeG1mKwpFTTVuTnFFZ3ZEdFZvdDQ1NkZVQ0F3RUFBYU1qTUNFd0RnWURWUjBQQVFIL0JBUURBZ0trTUE4R0ExVWRFd0VCCi93UUZNQU1CQWY4d0RRWUpLb1pJaHZjTkFRRUxCUUFEZ2dFQkFMOFZlazY0RHFlY1lmYjlqdXcwTVBSRFl3NXcKYkZpbEVkZjN0eVFQbVpSSEFyRnZBVjJvWDNydTRQOFc5bmp1MXUvUHB3dFlzL2FYR0NLMG1nY1pCY00xcFpJTgpiTUFIVFJQNzhrdDBIK2VRc2FqUTQyY1E1WUcwcHp5dHJvaFJCeXg4ZkxDYldORDUwb2daSjFWclJVRTBqTlJMCkdkL3U1MUNhWm1qTm00N0tKYUl2dDZ1VWxWWFpvbVpEMGlKb2ltamFIVjU1L0tld00vUFpHZ1JKNTY4WlNteUMKRUZYMzBGeEZrUGlpejJobW9Vak9oVVZldXdiYnRUcXRFN3Y0UWRMbmVjaGlINkpNMmpVelVuSzdsWUE2bm91YgphZzFRVTczVmU0M0dxMFhBRVdoK2twWWNNNnFIOXYxYkhnbE83cTFLTHptWTUvaVJSU05XQ2l1YjA5QT0KLS0tLS1FTkQgQ0VSVElGSUNBVEUtLS0tLQo=\n  name: eks_my-cluster\n\ncontexts:\n- context:\n    cluster: eks_my-cluster\n    user: eks_my-cluster\n  name: eks_my-cluster\n\ncurrent-context: eks_my-cluster\n\nusers:\n- name: eks_my-cluster\n  user:\n    exec:\n      apiVersion: client.authentication.k8s.io/v1alpha1\n      command: aws-iam-authenticator\n      args:\n        - \"token\"\n        - \"-i\"\n        - \"my-cluster\"",
            "content_base64": null,
            "directory_permission": "0755",
            "file_permission": "0644",
            "filename": "./kubeconfig_my-cluster",
            "id": "48d4cc757ad91b6e13b6af5d4d9ac4d1052843fd",
            "sensitive_content": null,
            "source": null
          },
          "private": "bnVsbA==",
          "dependencies": [
            "module.my-cluster.aws_cloudwatch_log_group.this",
            "module.my-cluster.aws_eks_cluster.this",
            "module.my-cluster.aws_iam_role.cluster",
            "module.my-cluster.aws_iam_role_policy_attachment.cluster_AmazonEKSClusterPolicy",
            "module.my-cluster.aws_iam_role_policy_attachment.cluster_AmazonEKSServicePolicy",
            "module.my-cluster.aws_security_group.cluster"
          ]
        }
      ]
    },
    {
      "module": "module.my-cluster",
      "mode": "managed",
      "type": "null_resource",
      "name": "wait_for_cluster",
      "each": "list",
      "provider": "provider.null",
      "instances": [
        {
          "index_key": 0,
          "schema_version": 0,
          "attributes": {
            "id": "4568694045733377537",
            "triggers": null
          },
          "private": "bnVsbA==",
          "dependencies": [
            "module.my-cluster.aws_cloudwatch_log_group.this",
            "module.my-cluster.aws_eks_cluster.this",
            "module.my-cluster.aws_iam_role.cluster",
            "module.my-cluster.aws_iam_role_policy_attachment.cluster_AmazonEKSClusterPolicy",
            "module.my-cluster.aws_iam_role_policy_attachment.cluster_AmazonEKSServicePolicy",
            "module.my-cluster.aws_security_group.cluster",
            "module.my-cluster.aws_security_group_rule.cluster_private_access"
          ]
        }
      ]
    },
    {
      "module": "module.my-cluster.module.node_groups",
      "mode": "managed",
      "type": "random_pet",
      "name": "node_groups",
      "each": "map",
      "provider": "provider.random",
      "instances": []
    },
    {
      "module": "module.my-cluster",
      "mode": "managed",
      "type": "random_pet",
      "name": "workers",
      "each": "list",
      "provider": "provider.random",
      "instances": [
        {
          "index_key": 0,
          "schema_version": 0,
          "attributes": {
            "id": "humane-viper",
            "keepers": {
              "lc_name": "my-cluster-02020112821211804390000000b"
            },
            "length": 2,
            "prefix": null,
            "separator": "-"
          },
          "private": "bnVsbA==",
          "dependencies": [
            "module.my-cluster.aws_cloudwatch_log_group.this",
            "module.my-cluster.aws_eks_cluster.this",
            "module.my-cluster.aws_iam_instance_profile.workers",
            "module.my-cluster.aws_iam_role.cluster",
            "module.my-cluster.aws_iam_role.workers",
            "module.my-cluster.aws_iam_role_policy_attachment.cluster_AmazonEKSClusterPolicy",
            "module.my-cluster.aws_iam_role_policy_attachment.cluster_AmazonEKSServicePolicy",
            "module.my-cluster.aws_launch_configuration.workers",
            "module.my-cluster.aws_security_group.cluster",
            "module.my-cluster.aws_security_group.workers"
          ]
        }
      ]
    },
    {
      "module": "module.my-cluster",
      "mode": "managed",
      "type": "random_pet",
      "name": "workers_launch_template",
      "each": "list",
      "provider": "provider.random",
      "instances": []
    }
  ]
}
